
Microsoft Visual Studio Solution File, Format Version 12.00
# Visual Studio 14
VisualStudioVersion = 14.0.25123.0
MinimumVisualStudioVersion = 10.0.40219.1
Project("{FAE04EC0-301F-11D3-BF4B-00C04F79EFBC}") = "TestBlog", "TestBlog\TestBlog.csproj", "{FAC11E12-3954-43A6-9863-F164C973AA24}"
EndProject
Project("{FAE04EC0-301F-11D3-BF4B-00C04F79EFBC}") = "TestBlog.Tests", "TestBlog.Tests\TestBlog.Tests.csproj", "{77F2C507-EE5B-4E43-B06A-0CD8695AFF66}"
EndProject
Project("{FAE04EC0-301F-11D3-BF4B-00C04F79EFBC}") = "BlogData", "BlogData\BlogData.csproj", "{EAD122D8-3536-4ECB-9673-03F6EA4ABF61}"
EndProject
Global
	GlobalSection(SolutionConfigurationPlatforms) = preSolution
		Debug|Any CPU = Debug|Any CPU
		Release|Any CPU = Release|Any CPU
	EndGlobalSection
	GlobalSection(ProjectConfigurationPlatforms) = postSolution
		{FAC11E12-3954-43A6-9863-F164C973AA24}.Debug|Any CPU.ActiveCfg = Debug|Any CPU
		{FAC11E12-3954-43A6-9863-F164C973AA24}.Debug|Any CPU.Build.0 = Debug|Any CPU
		{FAC11E12-3954-43A6-9863-F164C973AA24}.Release|Any CPU.ActiveCfg = Release|Any CPU
		{FAC11E12-3954-43A6-9863-F164C973AA24}.Release|Any CPU.Build.0 = Release|Any CPU
		{77F2C507-EE5B-4E43-B06A-0CD8695AFF66}.Debug|Any CPU.ActiveCfg = Debug|Any CPU
		{77F2C507-EE5B-4E43-B06A-0CD8695AFF66}.Debug|Any CPU.Build.0 = Debug|Any CPU
		{77F2C507-EE5B-4E43-B06A-0CD8695AFF66}.Release|Any CPU.ActiveCfg = Release|Any CPU
		{77F2C507-EE5B-4E43-B06A-0CD8695AFF66}.Release|Any CPU.Build.0 = Release|Any CPU
		{EAD122D8-3536-4ECB-9673-03F6EA4ABF61}.Debug|Any CPU.ActiveCfg = Debug|Any CPU
		{EAD122D8-3536-4ECB-9673-03F6EA4ABF61}.Debug|Any CPU.Build.0 = Debug|Any CPU
		{EAD122D8-3536-4ECB-9673-03F6EA4ABF61}.Release|Any CPU.ActiveCfg = Release|Any CPU
		{EAD122D8-3536-4ECB-9673-03F6EA4ABF61}.Release|Any CPU.Build.0 = Release|Any CPU
	EndGlobalSection
	GlobalSection(SolutionProperties) = preSolution
		HideSolutionNode = FALSE
	EndGlobalSection
EndGlobal
